// !$*UTF8*$!
{
	archiveVersion = 1;
	classes = {
	};
	objectVersion = 46;
	objects = {

/* Begin PBXBuildFile section */
		C44EEBAA1B1C29B7001900BA /* main.m in Sources */ = {isa = PBXBuildFile; fileRef = C44EEBA91B1C29B7001900BA /* main.m */; };
		C44EEBAD1B1C29B7001900BA /* AppDelegate.m in Sources */ = {isa = PBXBuildFile; fileRef = C44EEBAC1B1C29B7001900BA /* AppDelegate.m */; };
		C44EEBB01B1C29B7001900BA /* GroupAgenda.xcdatamodeld in Sources */ = {isa = PBXBuildFile; fileRef = C44EEBAE1B1C29B7001900BA /* GroupAgenda.xcdatamodeld */; };
		C44EEBB31B1C29B7001900BA /* ViewController.m in Sources */ = {isa = PBXBuildFile; fileRef = C44EEBB21B1C29B7001900BA /* ViewController.m */; };
		C44EEBB61B1C29B7001900BA /* Main.storyboard in Resources */ = {isa = PBXBuildFile; fileRef = C44EEBB41B1C29B7001900BA /* Main.storyboard */; };
		C44EEBB81B1C29B7001900BA /* Images.xcassets in Resources */ = {isa = PBXBuildFile; fileRef = C44EEBB71B1C29B7001900BA /* Images.xcassets */; };
		C44EEBBB1B1C29B7001900BA /* LaunchScreen.xib in Resources */ = {isa = PBXBuildFile; fileRef = C44EEBB91B1C29B7001900BA /* LaunchScreen.xib */; };
		C44EEBC71B1C29B7001900BA /* GroupAgendaTests.m in Sources */ = {isa = PBXBuildFile; fileRef = C44EEBC61B1C29B7001900BA /* GroupAgendaTests.m */; };
/* End PBXBuildFile section */

/* Begin PBXContainerItemProxy section */
		C44EEBC11B1C29B7001900BA /* PBXContainerItemProxy */ = {
			isa = PBXContainerItemProxy;
			containerPortal = C44EEB9C1B1C29B7001900BA /* Project object */;
			proxyType = 1;
			remoteGlobalIDString = C44EEBA31B1C29B7001900BA;
			remoteInfo = GroupAgenda;
		};
/* End PBXContainerItemProxy section */

/* Begin PBXFileReference section */
		C44EEBA41B1C29B7001900BA /* GroupAgenda.app */ = {isa = PBXFileReference; explicitFileType = wrapper.application; includeInIndex = 0; path = GroupAgenda.app; sourceTree = BUILT_PRODUCTS_DIR; };
		C44EEBA81B1C29B7001900BA /* Info.plist */ = {isa = PBXFileReference; lastKnownFileType = text.plist.xml; path = Info.plist; sourceTree = "<group>"; };
		C44EEBA91B1C29B7001900BA /* main.m */ = {isa = PBXFileReference; lastKnownFileType = sourcecode.c.objc; path = main.m; sourceTree = "<group>"; };
		C44EEBAB1B1C29B7001900BA /* AppDelegate.h */ = {isa = PBXFileReference; lastKnownFileType = sourcecode.c.h; path = AppDelegate.h; sourceTree = "<group>"; };
		C44EEBAC1B1C29B7001900BA /* AppDelegate.m */ = {isa = PBXFileReference; lastKnownFileType = sourcecode.c.objc; path = AppDelegate.m; sourceTree = "<group>"; };
		C44EEBAF1B1C29B7001900BA /* GroupAgenda.xcdatamodel */ = {isa = PBXFileReference; lastKnownFileType = wrapper.xcdatamodel; path = GroupAgenda.xcdatamodel; sourceTree = "<group>"; };
		C44EEBB11B1C29B7001900BA /* ViewController.h */ = {isa = PBXFileReference; lastKnownFileType = sourcecode.c.h; path = ViewController.h; sourceTree = "<group>"; };
		C44EEBB21B1C29B7001900BA /* ViewController.m */ = {isa = PBXFileReference; lastKnownFileType = sourcecode.c.objc; path = ViewController.m; sourceTree = "<group>"; };
		C44EEBB51B1C29B7001900BA /* Base */ = {isa = PBXFileReference; lastKnownFileType = file.storyboard; name = Base; path = Base.lproj/Main.storyboard; sourceTree = "<group>"; };
		C44EEBB71B1C29B7001900BA /* Images.xcassets */ = {isa = PBXFileReference; lastKnownFileType = folder.assetcatalog; path = Images.xcassets; sourceTree = "<group>"; };
		C44EEBBA1B1C29B7001900BA /* Base */ = {isa = PBXFileReference; lastKnownFileType = file.xib; name = Base; path = Base.lproj/LaunchScreen.xib; sourceTree = "<group>"; };
		C44EEBC01B1C29B7001900BA /* GroupAgendaTests.xctest */ = {isa = PBXFileReference; explicitFileType = wrapper.cfbundle; includeInIndex = 0; path = GroupAgendaTests.xctest; sourceTree = BUILT_PRODUCTS_DIR; };
		C44EEBC51B1C29B7001900BA /* Info.plist */ = {isa = PBXFileReference; lastKnownFileType = text.plist.xml; path = Info.plist; sourceTree = "<group>"; };
		C44EEBC61B1C29B7001900BA /* GroupAgendaTests.m */ = {isa = PBXFileReference; lastKnownFileType = sourcecode.c.objc; path = GroupAgendaTests.m; sourceTree = "<group>"; };
/* End PBXFileReference section */

/* Begin PBXFrameworksBuildPhase section */
		C44EEBA11B1C29B7001900BA /* Frameworks */ = {
			isa = PBXFrameworksBuildPhase;
			buildActionMask = 2147483647;
			files = (
			);
			runOnlyForDeploymentPostprocessing = 0;
		};
		C44EEBBD1B1C29B7001900BA /* Frameworks */ = {
			isa = PBXFrameworksBuildPhase;
			buildActionMask = 2147483647;
			files = (
			);
			runOnlyForDeploymentPostprocessing = 0;
		};
/* End PBXFrameworksBuildPhase section */

/* Begin PBXGroup section */
		C44EEB9B1B1C29B7001900BA = {
			isa = PBXGroup;
			children = (
				C44EEBA61B1C29B7001900BA /* GroupAgenda */,
				C44EEBC31B1C29B7001900BA /* GroupAgendaTests */,
				C44EEBA51B1C29B7001900BA /* Products */,
			);
			sourceTree = "<group>";
		};
		C44EEBA51B1C29B7001900BA /* Products */ = {
			isa = PBXGroup;
			children = (
				C44EEBA41B1C29B7001900BA /* GroupAgenda.app */,
				C44EEBC01B1C29B7001900BA /* GroupAgendaTests.xctest */,
			);
			name = Products;
			sourceTree = "<group>";
		};
		C44EEBA61B1C29B7001900BA /* GroupAgenda */ = {
			isa = PBXGroup;
			children = (
				C44EEBAB1B1C29B7001900BA /* AppDelegate.h */,
				C44EEBAC1B1C29B7001900BA /* AppDelegate.m */,
				C44EEBB11B1C29B7001900BA /* ViewController.h */,
				C44EEBB21B1C29B7001900BA /* ViewController.m */,
				C44EEBB41B1C29B7001900BA /* Main.storyboard */,
				C44EEBB71B1C29B7001900BA /* Images.xcassets */,
				C44EEBB91B1C29B7001900BA /* LaunchScreen.xib */,
				C44EEBAE1B1C29B7001900BA /* GroupAgenda.xcdatamodeld */,
				C44EEBA71B1C29B7001900BA /* Supporting Files */,
			);
			path = GroupAgenda;
			sourceTree = "<group>";
		};
		C44EEBA71B1C29B7001900BA /* Supporting Files */ = {
			isa = PBXGroup;
			children = (
				C44EEBA81B1C29B7001900BA /* Info.plist */,
				C44EEBA91B1C29B7001900BA /* main.m */,
			);
			name = "Supporting Files";
			sourceTree = "<group>";
		};
		C44EEBC31B1C29B7001900BA /* GroupAgendaTests */ = {
			isa = PBXGroup;
			children = (
				C44EEBC61B1C29B7001900BA /* GroupAgendaTests.m */,
				C44EEBC41B1C29B7001900BA /* Supporting Files */,
			);
			path = GroupAgendaTests;
			sourceTree = "<group>";
		};
		C44EEBC41B1C29B7001900BA /* Supporting Files */ = {
			isa = PBXGroup;
			children = (
				C44EEBC51B1C29B7001900BA /* Info.plist */,
			);
			name = "Supporting Files";
			sourceTree = "<group>";
		};
/* End PBXGroup section */

/* Begin PBXNativeTarget section */
		C44EEBA31B1C29B7001900BA /* GroupAgenda */ = {
			isa = PBXNativeTarget;
			buildConfigurationList = C44EEBCA1B1C29B7001900BA /* Build configuration list for PBXNativeTarget "GroupAgenda" */;
			buildPhases = (
				C44EEBA01B1C29B7001900BA /* Sources */,
				C44EEBA11B1C29B7001900BA /* Frameworks */,
				C44EEBA21B1C29B7001900BA /* Resources */,
			);
			buildRules = (
			);
			dependencies = (
			);
			name = GroupAgenda;
			productName = GroupAgenda;
			productReference = C44EEBA41B1C29B7001900BA /* GroupAgenda.app */;
			productType = "com.apple.product-type.application";
		};
		C44EEBBF1B1C29B7001900BA /* GroupAgendaTests */ = {
			isa = PBXNativeTarget;
			buildConfigurationList = C44EEBCD1B1C29B7001900BA /* Build configuration list for PBXNativeTarget "GroupAgendaTests" */;
			buildPhases = (
				C44EEBBC1B1C29B7001900BA /* Sources */,
				C44EEBBD1B1C29B7001900BA /* Frameworks */,
				C44EEBBE1B1C29B7001900BA /* Resources */,
			);
			buildRules = (
			);
			dependencies = (
				C44EEBC21B1C29B7001900BA /* PBXTargetDependency */,
			);
			name = GroupAgendaTests;
			productName = GroupAgendaTests;
			productReference = C44EEBC01B1C29B7001900BA /* GroupAgendaTests.xctest */;
			productType = "com.apple.product-type.bundle.unit-test";
		};
/* End PBXNativeTarget section */

/* Begin PBXProject section */
		C44EEB9C1B1C29B7001900BA /* Project object */ = {
			isa = PBXProject;
			attributes = {
				LastUpgradeCheck = 0630;
				ORGANIZATIONNAME = "JunHao Peh";
				TargetAttributes = {
					C44EEBA31B1C29B7001900BA = {
						CreatedOnToolsVersion = 6.3.2;
					};
					C44EEBBF1B1C29B7001900BA = {
						CreatedOnToolsVersion = 6.3.2;
						TestTargetID = C44EEBA31B1C29B7001900BA;
					};
				};
			};
			buildConfigurationList = C44EEB9F1B1C29B7001900BA /* Build configuration list for PBXProject "GroupAgenda" */;
			compatibilityVersion = "Xcode 3.2";
			developmentRegion = English;
			hasScannedForEncodings = 0;
			knownRegions = (
				en,
				Base,
			);
			mainGroup = C44EEB9B1B1C29B7001900BA;
			productRefGroup = C44EEBA51B1C29B7001900BA /* Products */;
			projectDirPath = "";
			projectRoot = "";
			targets = (
				C44EEBA31B1C29B7001900BA /* GroupAgenda */,
				C44EEBBF1B1C29B7001900BA /* GroupAgendaTests */,
			);
		};
/* End PBXProject section */

/* Begin PBXResourcesBuildPhase section */
		C44EEBA21B1C29B7001900BA /* Resources */ = {
			isa = PBXResourcesBuildPhase;
			buildActionMask = 2147483647;
			files = (
				C44EEBB61B1C29B7001900BA /* Main.storyboard in Resources */,
				C44EEBBB1B1C29B7001900BA /* LaunchScreen.xib in Resources */,
				C44EEBB81B1C29B7001900BA /* Images.xcassets in Resources */,
			);
			runOnlyForDeploymentPostprocessing = 0;
		};
		C44EEBBE1B1C29B7001900BA /* Resources */ = {
			isa = PBXResourcesBuildPhase;
			buildActionMask = 2147483647;
			files = (
			);
			runOnlyForDeploymentPostprocessing = 0;
		};
/* End PBXResourcesBuildPhase section */

/* Begin PBXSourcesBuildPhase section */
		C44EEBA01B1C29B7001900BA /* Sources */ = {
			isa = PBXSourcesBuildPhase;
			buildActionMask = 2147483647;
			files = (
				C44EEBAD1B1C29B7001900BA /* AppDelegate.m in Sources */,
				C44EEBB01B1C29B7001900BA /* GroupAgenda.xcdatamodeld in Sources */,
				C44EEBB31B1C29B7001900BA /* ViewController.m in Sources */,
				C44EEBAA1B1C29B7001900BA /* main.m in Sources */,
			);
			runOnlyForDeploymentPostprocessing = 0;
		};
		C44EEBBC1B1C29B7001900BA /* Sources */ = {
			isa = PBXSourcesBuildPhase;
			buildActionMask = 2147483647;
			files = (
				C44EEBC71B1C29B7001900BA /* GroupAgendaTests.m in Sources */,
			);
			runOnlyForDeploymentPostprocessing = 0;
		};
/* End PBXSourcesBuildPhase section */

/* Begin PBXTargetDependency section */
		C44EEBC21B1C29B7001900BA /* PBXTargetDependency */ = {
			isa = PBXTargetDependency;
			target = C44EEBA31B1C29B7001900BA /* GroupAgenda */;
			targetProxy = C44EEBC11B1C29B7001900BA /* PBXContainerItemProxy */;
		};
/* End PBXTargetDependency section */

/* Begin PBXVariantGroup section */
		C44EEBB41B1C29B7001900BA /* Main.storyboard */ = {
			isa = PBXVariantGroup;
			children = (
				C44EEBB51B1C29B7001900BA /* Base */,
			);
			name = Main.storyboard;
			sourceTree = "<group>";
		};
		C44EEBB91B1C29B7001900BA /* LaunchScreen.xib */ = {
			isa = PBXVariantGroup;
			children = (
				C44EEBBA1B1C29B7001900BA /* Base */,
			);
			name = LaunchScreen.xib;
			sourceTree = "<group>";
		};
/* End PBXVariantGroup section */

/* Begin XCBuildConfiguration section */
		C44EEBC81B1C29B7001900BA /* Debug */ = {
			isa = XCBuildConfiguration;
			buildSettings = {
				ALWAYS_SEARCH_USER_PATHS = NO;
				CLANG_CXX_LANGUAGE_STANDARD = "gnu++0x";
				CLANG_CXX_LIBRARY = "libc++";
				CLANG_ENABLE_MODULES = YES;
				CLANG_ENABLE_OBJC_ARC = YES;
				CLANG_WARN_BOOL_CONVERSION = YES;
				CLANG_WARN_CONSTANT_CONVERSION = YES;
				CLANG_WARN_DIRECT_OBJC_ISA_USAGE = YES_ERROR;
				CLANG_WARN_EMPTY_BODY = YES;
				CLANG_WARN_ENUM_CONVERSION = YES;
				CLANG_WARN_INT_CONVERSION = YES;
				CLANG_WARN_OBJC_ROOT_CLASS = YES_ERROR;
				CLANG_WARN_UNREACHABLE_CODE = YES;
				CLANG_WARN__DUPLICATE_METHOD_MATCH = YES;
				"CODE_SIGN_IDENTITY[sdk=iphoneos*]" = "iPhone Developer";
				COPY_PHASE_STRIP = NO;
				DEBUG_INFORMATION_FORMAT = "dwarf-with-dsym";
				ENABLE_STRICT_OBJC_MSGSEND = YES;
				GCC_C_LANGUAGE_STANDARD = gnu99;
				GCC_DYNAMIC_NO_PIC = NO;
				GCC_NO_COMMON_BLOCKS = YES;
				GCC_OPTIMIZATION_LEVEL = 0;
				GCC_PREPROCESSOR_DEFINITIONS = (
					"DEBUG=1",
					"$(inherited)",
				);
				GCC_SYMBOLS_PRIVATE_EXTERN = NO;
				GCC_WARN_64_TO_32_BIT_CONVERSION = YES;
				GCC_WARN_ABOUT_RETURN_TYPE = YES_ERROR;
				GCC_WARN_UNDECLARED_SELECTOR = YES;
				GCC_WARN_UNINITIALIZED_AUTOS = YES_AGGRESSIVE;
				GCC_WARN_UNUSED_FUNCTION = YES;
				GCC_WARN_UNUSED_VARIABLE = YES;
				IPHONEOS_DEPLOYMENT_TARGET = 8.3;
				MTL_ENABLE_DEBUG_INFO = YES;
				ONLY_ACTIVE_ARCH = YES;
				SDKROOT = iphoneos;
				TARGETED_DEVICE_FAMILY = "1,2";
			};
			name = Debug;
		};
		C44EEBC91B1C29B7001900BA /* Release */ = {
			isa = XCBuildConfiguration;
			buildSettings = {
				ALWAYS_SEARCH_USER_PATHS = NO;
				CLANG_CXX_LANGUAGE_STANDARD = "gnu++0x";
				CLANG_CXX_LIBRARY = "libc++";
				CLANG_ENABLE_MODULES = YES;
				CLANG_ENABLE_OBJC_ARC = YES;
				CLANG_WARN_BOOL_CONVERSION = YES;
				CLANG_WARN_CONSTANT_CONVERSION = YES;
				CLANG_WARN_DIRECT_OBJC_ISA_USAGE = YES_ERROR;
				CLANG_WARN_EMPTY_BODY = YES;
				CLANG_WARN_ENUM_CONVERSION = YES;
				CLANG_WARN_INT_CONVERSION = YES;
				CLANG_WARN_OBJC_ROOT_CLASS = YES_ERROR;
				CLANG_WARN_UNREACHABLE_CODE = YES;
				CLANG_WARN__DUPLICATE_METHOD_MATCH = YES;
				"CODE_SIGN_IDENTITY[sdk=iphoneos*]" = "iPhone Developer";
				COPY_PHASE_STRIP = NO;
				DEBUG_INFORMATION_FORMAT = "dwarf-with-dsym";
				ENABLE_NS_ASSERTIONS = NO;
				ENABLE_STRICT_OBJC_MSGSEND = YES;
				GCC_C_LANGUAGE_STANDARD = gnu99;
				GCC_NO_COMMON_BLOCKS = YES;
				GCC_WARN_64_TO_32_BIT_CONVERSION = YES;
				GCC_WARN_ABOUT_RETURN_TYPE = YES_ERROR;
				GCC_WARN_UNDECLARED_SELECTOR = YES;
				GCC_WARN_UNINITIALIZED_AUTOS = YES_AGGRESSIVE;
				GCC_WARN_UNUSED_FUNCTION = YES;
				GCC_WARN_UNUSED_VARIABLE = YES;
				IPHONEOS_DEPLOYMENT_TARGET = 8.3;
				MTL_ENABLE_DEBUG_INFO = NO;
				SDKROOT = iphoneos;
				TARGETED_DEVICE_FAMILY = "1,2";
				VALIDATE_PRODUCT = YES;
			};
			name = Release;
		};
		C44EEBCB1B1C29B7001900BA /* Debug */ = {
			isa = XCBuildConfiguration;
			buildSettings = {
				ASSETCATALOG_COMPILER_APPICON_NAME = AppIcon;
				INFOPLIST_FILE = GroupAgenda/Info.plist;
				LD_RUNPATH_SEARCH_PATHS = "$(inherited) @executable_path/Frameworks";
				PRODUCT_NAME = "$(TARGET_NAME)";
			};
			name = Debug;
		};
		C44EEBCC1B1C29B7001900BA /* Release */ = {
			isa = XCBuildConfiguration;
			buildSettings = {
				ASSETCATALOG_COMPILER_APPICON_NAME = AppIcon;
				INFOPLIST_FILE = GroupAgenda/Info.plist;
				LD_RUNPATH_SEARCH_PATHS = "$(inherited) @executable_path/Frameworks";
				PRODUCT_NAME = "$(TARGET_NAME)";
			};
			name = Release;
		};
		C44EEBCE1B1C29B7001900BA /* Debug */ = {
			isa = XCBuildConfiguration;
			buildSettings = {
				BUNDLE_LOADER = "$(TEST_HOST)";
				FRAMEWORK_SEARCH_PATHS = (
					"$(SDKROOT)/Developer/Library/Frameworks",
					"$(inherited)",
				);
				GCC_PREPROCESSOR_DEFINITIONS = (
					"DEBUG=1",
					"$(inherited)",
				);
				INFOPLIST_FILE = GroupAgendaTests/Info.plist;
				LD_RUNPATH_SEARCH_PATHS = "$(inherited) @executable_path/Frameworks @loader_path/Frameworks";
				PRODUCT_NAME = "$(TARGET_NAME)";
				TEST_HOST = "$(BUILT_PRODUCTS_DIR)/GroupAgenda.app/GroupAgenda";
			};
			name = Debug;
		};
		C44EEBCF1B1C29B7001900BA /* Release */ = {
			isa = XCBuildConfiguration;
			buildSettings = {
				BUNDLE_LOADER = "$(TEST_HOST)";
				FRAMEWORK_SEARCH_PATHS = (
					"$(SDKROOT)/Developer/Library/Frameworks",
					"$(inherited)",
				);
				INFOPLIST_FILE = GroupAgendaTests/Info.plist;
				LD_RUNPATH_SEARCH_PATHS = "$(inherited) @executable_path/Frameworks @loader_path/Frameworks";
				PRODUCT_NAME = "$(TARGET_NAME)";
				TEST_HOST = "$(BUILT_PRODUCTS_DIR)/GroupAgenda.app/GroupAgenda";
			};
			name = Release;
		};
/* End XCBuildConfiguration section */

/* Begin XCConfigurationList section */
		C44EEB9F1B1C29B7001900BA /* Build configuration list for PBXProject "GroupAgenda" */ = {
			isa = XCConfigurationList;
			buildConfigurations = (
				C44EEBC81B1C29B7001900BA /* Debug */,
				C44EEBC91B1C29B7001900BA /* Release */,
			);
			defaultConfigurationIsVisible = 0;
			defaultConfigurationName = Release;
		};
		C44EEBCA1B1C29B7001900BA /* Build configuration list for PBXNativeTarget "GroupAgenda" */ = {
			isa = XCConfigurationList;
			buildConfigurations = (
				C44EEBCB1B1C29B7001900BA /* Debug */,
				C44EEBCC1B1C29B7001900BA /* Release */,
			);
			defaultConfigurationIsVisible = 0;
		};
		C44EEBCD1B1C29B7001900BA /* Build configuration list for PBXNativeTarget "GroupAgendaTests" */ = {
			isa = XCConfigurationList;
			buildConfigurations = (
				C44EEBCE1B1C29B7001900BA /* Debug */,
				C44EEBCF1B1C29B7001900BA /* Release */,
			);
			defaultConfigurationIsVisible = 0;
		};
/* End XCConfigurationList section */

/* Begin XCVersionGroup section */
		C44EEBAE1B1C29B7001900BA /* GroupAgenda.xcdatamodeld */ = {
			isa = XCVersionGroup;
			children = (
				C44EEBAF1B1C29B7001900BA /* GroupAgenda.xcdatamodel */,
			);
			currentVersion = C44EEBAF1B1C29B7001900BA /* GroupAgenda.xcdatamodel */;
			path = GroupAgenda.xcdatamodeld;
			sourceTree = "<group>";
			versionGroupType = wrapper.xcdatamodel;
		};
/* End XCVersionGroup section */
	};
	rootObject = C44EEB9C1B1C29B7001900BA /* Project object */;
}
